
Microsoft Visual Studio Solution File, Format Version 12.00
# Visual Studio 15
VisualStudioVersion = 15.0.28307.645
MinimumVisualStudioVersion = 10.0.40219.1
Project("{9A19103F-16F7-4668-BE54-9A1E7A4F7556}") = "Webload_Script_Parser_Classes", "FileStream_Practice\Webload_Script_Parser_Classes.csproj", "{E7D9F81C-08B2-4244-BFA3-221005C56B1C}"
EndProject
Project("{FAE04EC0-301F-11D3-BF4B-00C04F79EFBC}") = "Webload_Script_Parser_Tests", "FileStream_Test\Webload_Script_Parser_Tests.csproj", "{D0B379A0-3311-4536-9F51-572BCAE601DA}"
EndProject
Global
	GlobalSection(SolutionConfigurationPlatforms) = preSolution
		Debug|Any CPU = Debug|Any CPU
		Release|Any CPU = Release|Any CPU
	EndGlobalSection
	GlobalSection(ProjectConfigurationPlatforms) = postSolution
		{E7D9F81C-08B2-4244-BFA3-221005C56B1C}.Debug|Any CPU.ActiveCfg = Debug|Any CPU
		{E7D9F81C-08B2-4244-BFA3-221005C56B1C}.Debug|Any CPU.Build.0 = Debug|Any CPU
		{E7D9F81C-08B2-4244-BFA3-221005C56B1C}.Release|Any CPU.ActiveCfg = Release|Any CPU
		{E7D9F81C-08B2-4244-BFA3-221005C56B1C}.Release|Any CPU.Build.0 = Release|Any CPU
		{D0B379A0-3311-4536-9F51-572BCAE601DA}.Debug|Any CPU.ActiveCfg = Debug|Any CPU
		{D0B379A0-3311-4536-9F51-572BCAE601DA}.Debug|Any CPU.Build.0 = Debug|Any CPU
		{D0B379A0-3311-4536-9F51-572BCAE601DA}.Release|Any CPU.ActiveCfg = Release|Any CPU
		{D0B379A0-3311-4536-9F51-572BCAE601DA}.Release|Any CPU.Build.0 = Release|Any CPU
	EndGlobalSection
	GlobalSection(SolutionProperties) = preSolution
		HideSolutionNode = FALSE
	EndGlobalSection
	GlobalSection(ExtensibilityGlobals) = postSolution
		SolutionGuid = {8579B9AD-EE7F-4C92-AE0E-4914B4E420A3}
	EndGlobalSection
EndGlobal
