
Microsoft Visual Studio Solution File, Format Version 12.00
# Visual Studio 15
VisualStudioVersion = 15.0.26228.88
MinimumVisualStudioVersion = 10.0.40219.1
Project("{FAE04EC0-301F-11D3-BF4B-00C04F79EFBC}") = "WLScriptParser", "WLScriptParser\WLScriptParser.csproj", "{0482AF34-AD3E-4814-915D-1E5589813D50}"
EndProject
Project("{54435603-DBB4-11D2-8724-00A0C9A8B90C}") = "Webload_Script_Parser_Setup", "Webload_Script_Parser_Setup\Webload_Script_Parser_Setup.vdproj", "{09896084-9EE3-40F4-8CE0-0DE47733F7B3}"
EndProject
Project("{FAE04EC0-301F-11D3-BF4B-00C04F79EFBC}") = "Webload_Script_Parser_UnitTests", "Webload_Script_Parser_UnitTests\Webload_Script_Parser_UnitTests.csproj", "{401D1FBC-E4B0-42CB-B28A-A81B2987CDEE}"
EndProject
Project("{FAE04EC0-301F-11D3-BF4B-00C04F79EFBC}") = "WLRequestLister", "WLRequestLister\WLRequestLister.csproj", "{1208FA47-7703-45BA-B461-E9802C14E8CD}"
EndProject
Global
	GlobalSection(SolutionConfigurationPlatforms) = preSolution
		Debug|Any CPU = Debug|Any CPU
		Debug|ARM = Debug|ARM
		Debug|ARM64 = Debug|ARM64
		Debug|x64 = Debug|x64
		Debug|x86 = Debug|x86
		Release|Any CPU = Release|Any CPU
		Release|ARM = Release|ARM
		Release|ARM64 = Release|ARM64
		Release|x64 = Release|x64
		Release|x86 = Release|x86
	EndGlobalSection
	GlobalSection(ProjectConfigurationPlatforms) = postSolution
		{0482AF34-AD3E-4814-915D-1E5589813D50}.Debug|Any CPU.ActiveCfg = Release|Any CPU
		{0482AF34-AD3E-4814-915D-1E5589813D50}.Debug|Any CPU.Build.0 = Release|Any CPU
		{0482AF34-AD3E-4814-915D-1E5589813D50}.Debug|ARM.ActiveCfg = Debug|Any CPU
		{0482AF34-AD3E-4814-915D-1E5589813D50}.Debug|ARM.Build.0 = Debug|Any CPU
		{0482AF34-AD3E-4814-915D-1E5589813D50}.Debug|ARM64.ActiveCfg = Debug|Any CPU
		{0482AF34-AD3E-4814-915D-1E5589813D50}.Debug|ARM64.Build.0 = Debug|Any CPU
		{0482AF34-AD3E-4814-915D-1E5589813D50}.Debug|x64.ActiveCfg = Debug|Any CPU
		{0482AF34-AD3E-4814-915D-1E5589813D50}.Debug|x64.Build.0 = Debug|Any CPU
		{0482AF34-AD3E-4814-915D-1E5589813D50}.Debug|x86.ActiveCfg = Debug|Any CPU
		{0482AF34-AD3E-4814-915D-1E5589813D50}.Debug|x86.Build.0 = Debug|Any CPU
		{0482AF34-AD3E-4814-915D-1E5589813D50}.Release|Any CPU.ActiveCfg = Release|Any CPU
		{0482AF34-AD3E-4814-915D-1E5589813D50}.Release|Any CPU.Build.0 = Release|Any CPU
		{0482AF34-AD3E-4814-915D-1E5589813D50}.Release|ARM.ActiveCfg = Release|Any CPU
		{0482AF34-AD3E-4814-915D-1E5589813D50}.Release|ARM.Build.0 = Release|Any CPU
		{0482AF34-AD3E-4814-915D-1E5589813D50}.Release|ARM64.ActiveCfg = Release|Any CPU
		{0482AF34-AD3E-4814-915D-1E5589813D50}.Release|ARM64.Build.0 = Release|Any CPU
		{0482AF34-AD3E-4814-915D-1E5589813D50}.Release|x64.ActiveCfg = Release|Any CPU
		{0482AF34-AD3E-4814-915D-1E5589813D50}.Release|x64.Build.0 = Release|Any CPU
		{0482AF34-AD3E-4814-915D-1E5589813D50}.Release|x86.ActiveCfg = Release|Any CPU
		{0482AF34-AD3E-4814-915D-1E5589813D50}.Release|x86.Build.0 = Release|Any CPU
		{09896084-9EE3-40F4-8CE0-0DE47733F7B3}.Debug|Any CPU.ActiveCfg = Debug
		{09896084-9EE3-40F4-8CE0-0DE47733F7B3}.Debug|ARM.ActiveCfg = Debug
		{09896084-9EE3-40F4-8CE0-0DE47733F7B3}.Debug|ARM.Build.0 = Debug
		{09896084-9EE3-40F4-8CE0-0DE47733F7B3}.Debug|ARM64.ActiveCfg = Debug
		{09896084-9EE3-40F4-8CE0-0DE47733F7B3}.Debug|ARM64.Build.0 = Debug
		{09896084-9EE3-40F4-8CE0-0DE47733F7B3}.Debug|x64.ActiveCfg = Debug
		{09896084-9EE3-40F4-8CE0-0DE47733F7B3}.Debug|x64.Build.0 = Debug
		{09896084-9EE3-40F4-8CE0-0DE47733F7B3}.Debug|x86.ActiveCfg = Debug
		{09896084-9EE3-40F4-8CE0-0DE47733F7B3}.Debug|x86.Build.0 = Debug
		{09896084-9EE3-40F4-8CE0-0DE47733F7B3}.Release|Any CPU.ActiveCfg = Release
		{09896084-9EE3-40F4-8CE0-0DE47733F7B3}.Release|ARM.ActiveCfg = Release
		{09896084-9EE3-40F4-8CE0-0DE47733F7B3}.Release|ARM.Build.0 = Release
		{09896084-9EE3-40F4-8CE0-0DE47733F7B3}.Release|ARM64.ActiveCfg = Release
		{09896084-9EE3-40F4-8CE0-0DE47733F7B3}.Release|ARM64.Build.0 = Release
		{09896084-9EE3-40F4-8CE0-0DE47733F7B3}.Release|x64.ActiveCfg = Release
		{09896084-9EE3-40F4-8CE0-0DE47733F7B3}.Release|x64.Build.0 = Release
		{09896084-9EE3-40F4-8CE0-0DE47733F7B3}.Release|x86.ActiveCfg = Release
		{09896084-9EE3-40F4-8CE0-0DE47733F7B3}.Release|x86.Build.0 = Release
		{401D1FBC-E4B0-42CB-B28A-A81B2987CDEE}.Debug|Any CPU.ActiveCfg = Debug|Any CPU
		{401D1FBC-E4B0-42CB-B28A-A81B2987CDEE}.Debug|ARM.ActiveCfg = Debug|Any CPU
		{401D1FBC-E4B0-42CB-B28A-A81B2987CDEE}.Debug|ARM.Build.0 = Debug|Any CPU
		{401D1FBC-E4B0-42CB-B28A-A81B2987CDEE}.Debug|ARM64.ActiveCfg = Debug|Any CPU
		{401D1FBC-E4B0-42CB-B28A-A81B2987CDEE}.Debug|ARM64.Build.0 = Debug|Any CPU
		{401D1FBC-E4B0-42CB-B28A-A81B2987CDEE}.Debug|x64.ActiveCfg = Debug|Any CPU
		{401D1FBC-E4B0-42CB-B28A-A81B2987CDEE}.Debug|x64.Build.0 = Debug|Any CPU
		{401D1FBC-E4B0-42CB-B28A-A81B2987CDEE}.Debug|x86.ActiveCfg = Debug|Any CPU
		{401D1FBC-E4B0-42CB-B28A-A81B2987CDEE}.Debug|x86.Build.0 = Debug|Any CPU
		{401D1FBC-E4B0-42CB-B28A-A81B2987CDEE}.Release|Any CPU.ActiveCfg = Release|Any CPU
		{401D1FBC-E4B0-42CB-B28A-A81B2987CDEE}.Release|ARM.ActiveCfg = Release|Any CPU
		{401D1FBC-E4B0-42CB-B28A-A81B2987CDEE}.Release|ARM.Build.0 = Release|Any CPU
		{401D1FBC-E4B0-42CB-B28A-A81B2987CDEE}.Release|ARM64.ActiveCfg = Release|Any CPU
		{401D1FBC-E4B0-42CB-B28A-A81B2987CDEE}.Release|ARM64.Build.0 = Release|Any CPU
		{401D1FBC-E4B0-42CB-B28A-A81B2987CDEE}.Release|x64.ActiveCfg = Release|Any CPU
		{401D1FBC-E4B0-42CB-B28A-A81B2987CDEE}.Release|x64.Build.0 = Release|Any CPU
		{401D1FBC-E4B0-42CB-B28A-A81B2987CDEE}.Release|x86.ActiveCfg = Release|Any CPU
		{401D1FBC-E4B0-42CB-B28A-A81B2987CDEE}.Release|x86.Build.0 = Release|Any CPU
		{1208FA47-7703-45BA-B461-E9802C14E8CD}.Debug|Any CPU.ActiveCfg = Debug|Any CPU
		{1208FA47-7703-45BA-B461-E9802C14E8CD}.Debug|ARM.ActiveCfg = Debug|Any CPU
		{1208FA47-7703-45BA-B461-E9802C14E8CD}.Debug|ARM.Build.0 = Debug|Any CPU
		{1208FA47-7703-45BA-B461-E9802C14E8CD}.Debug|ARM64.ActiveCfg = Debug|Any CPU
		{1208FA47-7703-45BA-B461-E9802C14E8CD}.Debug|ARM64.Build.0 = Debug|Any CPU
		{1208FA47-7703-45BA-B461-E9802C14E8CD}.Debug|x64.ActiveCfg = Debug|Any CPU
		{1208FA47-7703-45BA-B461-E9802C14E8CD}.Debug|x64.Build.0 = Debug|Any CPU
		{1208FA47-7703-45BA-B461-E9802C14E8CD}.Debug|x86.ActiveCfg = Debug|Any CPU
		{1208FA47-7703-45BA-B461-E9802C14E8CD}.Debug|x86.Build.0 = Debug|Any CPU
		{1208FA47-7703-45BA-B461-E9802C14E8CD}.Release|Any CPU.ActiveCfg = Release|Any CPU
		{1208FA47-7703-45BA-B461-E9802C14E8CD}.Release|ARM.ActiveCfg = Release|Any CPU
		{1208FA47-7703-45BA-B461-E9802C14E8CD}.Release|ARM.Build.0 = Release|Any CPU
		{1208FA47-7703-45BA-B461-E9802C14E8CD}.Release|ARM64.ActiveCfg = Release|Any CPU
		{1208FA47-7703-45BA-B461-E9802C14E8CD}.Release|ARM64.Build.0 = Release|Any CPU
		{1208FA47-7703-45BA-B461-E9802C14E8CD}.Release|x64.ActiveCfg = Release|Any CPU
		{1208FA47-7703-45BA-B461-E9802C14E8CD}.Release|x64.Build.0 = Release|Any CPU
		{1208FA47-7703-45BA-B461-E9802C14E8CD}.Release|x86.ActiveCfg = Release|Any CPU
		{1208FA47-7703-45BA-B461-E9802C14E8CD}.Release|x86.Build.0 = Release|Any CPU
	EndGlobalSection
	GlobalSection(SolutionProperties) = preSolution
		HideSolutionNode = FALSE
	EndGlobalSection
	GlobalSection(ExtensibilityGlobals) = postSolution
		SolutionGuid = {8579B9AD-EE7F-4C92-AE0E-4914B4E420A3}
	EndGlobalSection
EndGlobal
